
Microsoft Visual Studio Solution File, Format Version 12.00
# Visual Studio Version 17
VisualStudioVersion = 17.9.34728.123
MinimumVisualStudioVersion = 10.0.40219.1
Project("{FAE04EC0-301F-11D3-BF4B-00C04F79EFBC}") = "InsuranceAgentAPI", "InsuranceAgentAPI\InsuranceAgentAPI.csproj", "{6C3C1C99-ECB1-4EC2-A099-7A0E432641B9}"
EndProject
Global
	GlobalSection(SolutionConfigurationPlatforms) = preSolution
		Debug|Any CPU = Debug|Any CPU
		Release|Any CPU = Release|Any CPU
	EndGlobalSection
	GlobalSection(ProjectConfigurationPlatforms) = postSolution
		{6C3C1C99-ECB1-4EC2-A099-7A0E432641B9}.Debug|Any CPU.ActiveCfg = Debug|Any CPU
		{6C3C1C99-ECB1-4EC2-A099-7A0E432641B9}.Debug|Any CPU.Build.0 = Debug|Any CPU
		{6C3C1C99-ECB1-4EC2-A099-7A0E432641B9}.Release|Any CPU.ActiveCfg = Release|Any CPU
		{6C3C1C99-ECB1-4EC2-A099-7A0E432641B9}.Release|Any CPU.Build.0 = Release|Any CPU
	EndGlobalSection
	GlobalSection(SolutionProperties) = preSolution
		HideSolutionNode = FALSE
	EndGlobalSection
	GlobalSection(ExtensibilityGlobals) = postSolution
		SolutionGuid = {455B0D27-03B4-4F1B-BBA9-74EA23983434}
	EndGlobalSection
EndGlobal
